
Microsoft Visual Studio Solution File, Format Version 12.00
# Visual Studio Version 17
VisualStudioVersion = 17.13.35825.156
MinimumVisualStudioVersion = 10.0.40219.1
Project("{FAE04EC0-301F-11D3-BF4B-00C04F79EFBC}") = "WikiPageTools", "WikiPageTools\WikiPageTools.csproj", "{F18AE455-76C2-44B3-8CAC-F2E8A6D5B7B6}"
EndProject
Project("{FAE04EC0-301F-11D3-BF4B-00C04F79EFBC}") = "Sledge.Formats.GameData", "Sledge.Formats.GameData\Sledge.Formats.GameData.csproj", "{659D3217-53D6-708D-53D6-BB59EB3C4026}"
EndProject
Project("{FAE04EC0-301F-11D3-BF4B-00C04F79EFBC}") = "Sledge.Formats", "Sledge.Formats\Sledge.Formats.csproj", "{43B2B543-3EB6-8840-F388-10D0AA12D7F5}"
EndProject
Global
	GlobalSection(SolutionConfigurationPlatforms) = preSolution
		Debug|Any CPU = Debug|Any CPU
		Release|Any CPU = Release|Any CPU
	EndGlobalSection
	GlobalSection(ProjectConfigurationPlatforms) = postSolution
		{F18AE455-76C2-44B3-8CAC-F2E8A6D5B7B6}.Debug|Any CPU.ActiveCfg = Debug|Any CPU
		{F18AE455-76C2-44B3-8CAC-F2E8A6D5B7B6}.Debug|Any CPU.Build.0 = Debug|Any CPU
		{F18AE455-76C2-44B3-8CAC-F2E8A6D5B7B6}.Release|Any CPU.ActiveCfg = Release|Any CPU
		{F18AE455-76C2-44B3-8CAC-F2E8A6D5B7B6}.Release|Any CPU.Build.0 = Release|Any CPU
		{659D3217-53D6-708D-53D6-BB59EB3C4026}.Debug|Any CPU.ActiveCfg = Debug|Any CPU
		{659D3217-53D6-708D-53D6-BB59EB3C4026}.Debug|Any CPU.Build.0 = Debug|Any CPU
		{659D3217-53D6-708D-53D6-BB59EB3C4026}.Release|Any CPU.ActiveCfg = Release|Any CPU
		{659D3217-53D6-708D-53D6-BB59EB3C4026}.Release|Any CPU.Build.0 = Release|Any CPU
		{43B2B543-3EB6-8840-F388-10D0AA12D7F5}.Debug|Any CPU.ActiveCfg = Debug|Any CPU
		{43B2B543-3EB6-8840-F388-10D0AA12D7F5}.Debug|Any CPU.Build.0 = Debug|Any CPU
		{43B2B543-3EB6-8840-F388-10D0AA12D7F5}.Release|Any CPU.ActiveCfg = Release|Any CPU
		{43B2B543-3EB6-8840-F388-10D0AA12D7F5}.Release|Any CPU.Build.0 = Release|Any CPU
	EndGlobalSection
	GlobalSection(SolutionProperties) = preSolution
		HideSolutionNode = FALSE
	EndGlobalSection
	GlobalSection(ExtensibilityGlobals) = postSolution
		SolutionGuid = {EBD82E98-22E7-4DE8-9479-96D72B5C1A11}
	EndGlobalSection
EndGlobal
